
Microsoft Visual Studio Solution File, Format Version 12.00
# Visual Studio Version 17
VisualStudioVersion = 17.0.32014.148
MinimumVisualStudioVersion = 10.0.40219.1
Project("{00D1A9C2-B5F0-4AF3-8072-F6C62B433612}") = "AvazehDatabase", "AvazehDatabase\AvazehDatabase.sqlproj", "{66BAE8D9-51CC-4547-BDA6-02CEF3D86025}"
EndProject
Project("{9A19103F-16F7-4668-BE54-9A1E7A4F7556}") = "DataLibraryCore", "DataLibraryCore\DataLibraryCore.csproj", "{3D92B904-EB2B-4508-809C-1703710FA9C6}"
EndProject
Project("{2150E333-8FDC-42A3-9474-1A3956D46DE8}") = "Solution Items", "Solution Items", "{EEDC7B8D-6406-4A34-9C25-2F892823A282}"
	ProjectSection(SolutionItems) = preProject
		.editorconfig = .editorconfig
	EndProjectSection
EndProject
Project("{9A19103F-16F7-4668-BE54-9A1E7A4F7556}") = "AvazehApiClient", "AvazehApiClient\AvazehApiClient.csproj", "{F7194F71-9DA6-4694-ABFC-E422B6DB9576}"
EndProject
Project("{9A19103F-16F7-4668-BE54-9A1E7A4F7556}") = "AvazehWpf", "AvazehWpf\AvazehWpf.csproj", "{CD9C2419-FFD9-46DA-A774-050566F79D40}"
EndProject
Project("{9A19103F-16F7-4668-BE54-9A1E7A4F7556}") = "SharedLibrary", "SharedLibrary\SharedLibrary.csproj", "{51251B2F-5E69-4657-95D6-74424852F3C2}"
EndProject
Project("{9A19103F-16F7-4668-BE54-9A1E7A4F7556}") = "DotNetStandardCalculator", "DotNetStandardCalculator\DotNetStandardCalculator.csproj", "{9935D89D-0483-44E0-A84F-1F4B9843D21D}"
EndProject
Project("{FAE04EC0-301F-11D3-BF4B-00C04F79EFBC}") = "PrintInterface", "PrintInterface\PrintInterface.csproj", "{BDE7C315-BB30-4BEF-89EE-BB8AB4216096}"
EndProject
Project("{9A19103F-16F7-4668-BE54-9A1E7A4F7556}") = "AvazehUserControlLibraryWpf", "AvazehControlLibraryWpf\AvazehUserControlLibraryWpf.csproj", "{A794F20B-469E-4C35-A044-EB4A08187193}"
EndProject
Project("{9A19103F-16F7-4668-BE54-9A1E7A4F7556}") = "AvazehWebApi", "AvazehWebApi\AvazehWebApi.csproj", "{725B6F36-660C-4046-B1CD-ED9B460570F8}"
EndProject
Project("{9A19103F-16F7-4668-BE54-9A1E7A4F7556}") = "UnitTests", "UnitTests\UnitTests.csproj", "{92E13A95-37DB-4F9C-92A5-4F78E844DCFE}"
EndProject
Project("{2150E333-8FDC-42A3-9474-1A3956D46DE8}") = "Screenshots", "Screenshots", "{7D596047-CC61-4C1D-BC30-E938D1F1A540}"
	ProjectSection(SolutionItems) = preProject
		Screenshots\Screenshot 2024-12-26 101159.png = Screenshots\Screenshot 2024-12-26 101159.png
		Screenshots\Screenshot 2024-12-26 101254.png = Screenshots\Screenshot 2024-12-26 101254.png
		Screenshots\Screenshot 2024-12-26 101309.png = Screenshots\Screenshot 2024-12-26 101309.png
		Screenshots\Screenshot 2024-12-26 101402.png = Screenshots\Screenshot 2024-12-26 101402.png
		Screenshots\Screenshot 2024-12-26 101458.png = Screenshots\Screenshot 2024-12-26 101458.png
		Screenshots\Screenshot 2024-12-26 101522.png = Screenshots\Screenshot 2024-12-26 101522.png
		Screenshots\Screenshot 2024-12-26 101611.png = Screenshots\Screenshot 2024-12-26 101611.png
		Screenshots\Screenshot 2024-12-26 101615.png = Screenshots\Screenshot 2024-12-26 101615.png
		Screenshots\Screenshot 2024-12-26 101619.png = Screenshots\Screenshot 2024-12-26 101619.png
		Screenshots\Screenshot 2024-12-26 101623.png = Screenshots\Screenshot 2024-12-26 101623.png
		Screenshots\Screenshot 2024-12-26 101659.png = Screenshots\Screenshot 2024-12-26 101659.png
		Screenshots\Screenshot 2024-12-26 101732.png = Screenshots\Screenshot 2024-12-26 101732.png
		Screenshots\Screenshot 2024-12-26 110801.png = Screenshots\Screenshot 2024-12-26 110801.png
		Screenshots\Screenshot 2024-12-26 203917.png = Screenshots\Screenshot 2024-12-26 203917.png
		..\..\..\..\OneDrive\Pictures\Screenshots\Screenshot 2024-12-31 111647.png = ..\..\..\..\OneDrive\Pictures\Screenshots\Screenshot 2024-12-31 111647.png
		Screenshots\Screenshot 2024-12-31 112832.png = Screenshots\Screenshot 2024-12-31 112832.png
		..\..\..\..\OneDrive\Pictures\Screenshots\Screenshot 2024-12-31 113015.png = ..\..\..\..\OneDrive\Pictures\Screenshots\Screenshot 2024-12-31 113015.png
		..\..\..\..\OneDrive\Pictures\Screenshots\Screenshot 2024-12-31 113031.png = ..\..\..\..\OneDrive\Pictures\Screenshots\Screenshot 2024-12-31 113031.png
		..\..\..\..\OneDrive\Pictures\Screenshots\Screenshot 2024-12-31 113043.png = ..\..\..\..\OneDrive\Pictures\Screenshots\Screenshot 2024-12-31 113043.png
	EndProjectSection
EndProject
Global
	GlobalSection(SolutionConfigurationPlatforms) = preSolution
		Debug|Any CPU = Debug|Any CPU
		Debug|iPhone = Debug|iPhone
		Debug|iPhoneSimulator = Debug|iPhoneSimulator
		Release|Any CPU = Release|Any CPU
		Release|iPhone = Release|iPhone
		Release|iPhoneSimulator = Release|iPhoneSimulator
	EndGlobalSection
	GlobalSection(ProjectConfigurationPlatforms) = postSolution
		{66BAE8D9-51CC-4547-BDA6-02CEF3D86025}.Debug|Any CPU.ActiveCfg = Debug|Any CPU
		{66BAE8D9-51CC-4547-BDA6-02CEF3D86025}.Debug|Any CPU.Deploy.0 = Debug|Any CPU
		{66BAE8D9-51CC-4547-BDA6-02CEF3D86025}.Debug|iPhone.ActiveCfg = Debug|Any CPU
		{66BAE8D9-51CC-4547-BDA6-02CEF3D86025}.Debug|iPhone.Build.0 = Debug|Any CPU
		{66BAE8D9-51CC-4547-BDA6-02CEF3D86025}.Debug|iPhone.Deploy.0 = Debug|Any CPU
		{66BAE8D9-51CC-4547-BDA6-02CEF3D86025}.Debug|iPhoneSimulator.ActiveCfg = Debug|Any CPU
		{66BAE8D9-51CC-4547-BDA6-02CEF3D86025}.Debug|iPhoneSimulator.Build.0 = Debug|Any CPU
		{66BAE8D9-51CC-4547-BDA6-02CEF3D86025}.Debug|iPhoneSimulator.Deploy.0 = Debug|Any CPU
		{66BAE8D9-51CC-4547-BDA6-02CEF3D86025}.Release|Any CPU.ActiveCfg = Release|Any CPU
		{66BAE8D9-51CC-4547-BDA6-02CEF3D86025}.Release|Any CPU.Build.0 = Release|Any CPU
		{66BAE8D9-51CC-4547-BDA6-02CEF3D86025}.Release|Any CPU.Deploy.0 = Release|Any CPU
		{66BAE8D9-51CC-4547-BDA6-02CEF3D86025}.Release|iPhone.ActiveCfg = Release|Any CPU
		{66BAE8D9-51CC-4547-BDA6-02CEF3D86025}.Release|iPhone.Build.0 = Release|Any CPU
		{66BAE8D9-51CC-4547-BDA6-02CEF3D86025}.Release|iPhone.Deploy.0 = Release|Any CPU
		{66BAE8D9-51CC-4547-BDA6-02CEF3D86025}.Release|iPhoneSimulator.ActiveCfg = Release|Any CPU
		{66BAE8D9-51CC-4547-BDA6-02CEF3D86025}.Release|iPhoneSimulator.Build.0 = Release|Any CPU
		{66BAE8D9-51CC-4547-BDA6-02CEF3D86025}.Release|iPhoneSimulator.Deploy.0 = Release|Any CPU
		{3D92B904-EB2B-4508-809C-1703710FA9C6}.Debug|Any CPU.ActiveCfg = Debug|Any CPU
		{3D92B904-EB2B-4508-809C-1703710FA9C6}.Debug|Any CPU.Build.0 = Debug|Any CPU
		{3D92B904-EB2B-4508-809C-1703710FA9C6}.Debug|iPhone.ActiveCfg = Debug|Any CPU
		{3D92B904-EB2B-4508-809C-1703710FA9C6}.Debug|iPhone.Build.0 = Debug|Any CPU
		{3D92B904-EB2B-4508-809C-1703710FA9C6}.Debug|iPhoneSimulator.ActiveCfg = Debug|Any CPU
		{3D92B904-EB2B-4508-809C-1703710FA9C6}.Debug|iPhoneSimulator.Build.0 = Debug|Any CPU
		{3D92B904-EB2B-4508-809C-1703710FA9C6}.Release|Any CPU.ActiveCfg = Release|Any CPU
		{3D92B904-EB2B-4508-809C-1703710FA9C6}.Release|Any CPU.Build.0 = Release|Any CPU
		{3D92B904-EB2B-4508-809C-1703710FA9C6}.Release|iPhone.ActiveCfg = Release|Any CPU
		{3D92B904-EB2B-4508-809C-1703710FA9C6}.Release|iPhone.Build.0 = Release|Any CPU
		{3D92B904-EB2B-4508-809C-1703710FA9C6}.Release|iPhoneSimulator.ActiveCfg = Release|Any CPU
		{3D92B904-EB2B-4508-809C-1703710FA9C6}.Release|iPhoneSimulator.Build.0 = Release|Any CPU
		{F7194F71-9DA6-4694-ABFC-E422B6DB9576}.Debug|Any CPU.ActiveCfg = Debug|Any CPU
		{F7194F71-9DA6-4694-ABFC-E422B6DB9576}.Debug|Any CPU.Build.0 = Debug|Any CPU
		{F7194F71-9DA6-4694-ABFC-E422B6DB9576}.Debug|iPhone.ActiveCfg = Debug|Any CPU
		{F7194F71-9DA6-4694-ABFC-E422B6DB9576}.Debug|iPhone.Build.0 = Debug|Any CPU
		{F7194F71-9DA6-4694-ABFC-E422B6DB9576}.Debug|iPhoneSimulator.ActiveCfg = Debug|Any CPU
		{F7194F71-9DA6-4694-ABFC-E422B6DB9576}.Debug|iPhoneSimulator.Build.0 = Debug|Any CPU
		{F7194F71-9DA6-4694-ABFC-E422B6DB9576}.Release|Any CPU.ActiveCfg = Release|Any CPU
		{F7194F71-9DA6-4694-ABFC-E422B6DB9576}.Release|Any CPU.Build.0 = Release|Any CPU
		{F7194F71-9DA6-4694-ABFC-E422B6DB9576}.Release|iPhone.ActiveCfg = Release|Any CPU
		{F7194F71-9DA6-4694-ABFC-E422B6DB9576}.Release|iPhone.Build.0 = Release|Any CPU
		{F7194F71-9DA6-4694-ABFC-E422B6DB9576}.Release|iPhoneSimulator.ActiveCfg = Release|Any CPU
		{F7194F71-9DA6-4694-ABFC-E422B6DB9576}.Release|iPhoneSimulator.Build.0 = Release|Any CPU
		{CD9C2419-FFD9-46DA-A774-050566F79D40}.Debug|Any CPU.ActiveCfg = Debug|Any CPU
		{CD9C2419-FFD9-46DA-A774-050566F79D40}.Debug|Any CPU.Build.0 = Debug|Any CPU
		{CD9C2419-FFD9-46DA-A774-050566F79D40}.Debug|iPhone.ActiveCfg = Debug|Any CPU
		{CD9C2419-FFD9-46DA-A774-050566F79D40}.Debug|iPhone.Build.0 = Debug|Any CPU
		{CD9C2419-FFD9-46DA-A774-050566F79D40}.Debug|iPhoneSimulator.ActiveCfg = Debug|Any CPU
		{CD9C2419-FFD9-46DA-A774-050566F79D40}.Debug|iPhoneSimulator.Build.0 = Debug|Any CPU
		{CD9C2419-FFD9-46DA-A774-050566F79D40}.Release|Any CPU.ActiveCfg = Release|Any CPU
		{CD9C2419-FFD9-46DA-A774-050566F79D40}.Release|Any CPU.Build.0 = Release|Any CPU
		{CD9C2419-FFD9-46DA-A774-050566F79D40}.Release|iPhone.ActiveCfg = Release|Any CPU
		{CD9C2419-FFD9-46DA-A774-050566F79D40}.Release|iPhone.Build.0 = Release|Any CPU
		{CD9C2419-FFD9-46DA-A774-050566F79D40}.Release|iPhoneSimulator.ActiveCfg = Release|Any CPU
		{CD9C2419-FFD9-46DA-A774-050566F79D40}.Release|iPhoneSimulator.Build.0 = Release|Any CPU
		{51251B2F-5E69-4657-95D6-74424852F3C2}.Debug|Any CPU.ActiveCfg = Debug|Any CPU
		{51251B2F-5E69-4657-95D6-74424852F3C2}.Debug|Any CPU.Build.0 = Debug|Any CPU
		{51251B2F-5E69-4657-95D6-74424852F3C2}.Debug|iPhone.ActiveCfg = Debug|Any CPU
		{51251B2F-5E69-4657-95D6-74424852F3C2}.Debug|iPhone.Build.0 = Debug|Any CPU
		{51251B2F-5E69-4657-95D6-74424852F3C2}.Debug|iPhoneSimulator.ActiveCfg = Debug|Any CPU
		{51251B2F-5E69-4657-95D6-74424852F3C2}.Debug|iPhoneSimulator.Build.0 = Debug|Any CPU
		{51251B2F-5E69-4657-95D6-74424852F3C2}.Release|Any CPU.ActiveCfg = Release|Any CPU
		{51251B2F-5E69-4657-95D6-74424852F3C2}.Release|Any CPU.Build.0 = Release|Any CPU
		{51251B2F-5E69-4657-95D6-74424852F3C2}.Release|iPhone.ActiveCfg = Release|Any CPU
		{51251B2F-5E69-4657-95D6-74424852F3C2}.Release|iPhone.Build.0 = Release|Any CPU
		{51251B2F-5E69-4657-95D6-74424852F3C2}.Release|iPhoneSimulator.ActiveCfg = Release|Any CPU
		{51251B2F-5E69-4657-95D6-74424852F3C2}.Release|iPhoneSimulator.Build.0 = Release|Any CPU
		{9935D89D-0483-44E0-A84F-1F4B9843D21D}.Debug|Any CPU.ActiveCfg = Debug|Any CPU
		{9935D89D-0483-44E0-A84F-1F4B9843D21D}.Debug|Any CPU.Build.0 = Debug|Any CPU
		{9935D89D-0483-44E0-A84F-1F4B9843D21D}.Debug|iPhone.ActiveCfg = Debug|Any CPU
		{9935D89D-0483-44E0-A84F-1F4B9843D21D}.Debug|iPhone.Build.0 = Debug|Any CPU
		{9935D89D-0483-44E0-A84F-1F4B9843D21D}.Debug|iPhoneSimulator.ActiveCfg = Debug|Any CPU
		{9935D89D-0483-44E0-A84F-1F4B9843D21D}.Debug|iPhoneSimulator.Build.0 = Debug|Any CPU
		{9935D89D-0483-44E0-A84F-1F4B9843D21D}.Release|Any CPU.ActiveCfg = Release|Any CPU
		{9935D89D-0483-44E0-A84F-1F4B9843D21D}.Release|Any CPU.Build.0 = Release|Any CPU
		{9935D89D-0483-44E0-A84F-1F4B9843D21D}.Release|iPhone.ActiveCfg = Release|Any CPU
		{9935D89D-0483-44E0-A84F-1F4B9843D21D}.Release|iPhone.Build.0 = Release|Any CPU
		{9935D89D-0483-44E0-A84F-1F4B9843D21D}.Release|iPhoneSimulator.ActiveCfg = Release|Any CPU
		{9935D89D-0483-44E0-A84F-1F4B9843D21D}.Release|iPhoneSimulator.Build.0 = Release|Any CPU
		{BDE7C315-BB30-4BEF-89EE-BB8AB4216096}.Debug|Any CPU.ActiveCfg = Debug|Any CPU
		{BDE7C315-BB30-4BEF-89EE-BB8AB4216096}.Debug|Any CPU.Build.0 = Debug|Any CPU
		{BDE7C315-BB30-4BEF-89EE-BB8AB4216096}.Debug|iPhone.ActiveCfg = Debug|Any CPU
		{BDE7C315-BB30-4BEF-89EE-BB8AB4216096}.Debug|iPhone.Build.0 = Debug|Any CPU
		{BDE7C315-BB30-4BEF-89EE-BB8AB4216096}.Debug|iPhoneSimulator.ActiveCfg = Debug|Any CPU
		{BDE7C315-BB30-4BEF-89EE-BB8AB4216096}.Debug|iPhoneSimulator.Build.0 = Debug|Any CPU
		{BDE7C315-BB30-4BEF-89EE-BB8AB4216096}.Release|Any CPU.ActiveCfg = Release|Any CPU
		{BDE7C315-BB30-4BEF-89EE-BB8AB4216096}.Release|Any CPU.Build.0 = Release|Any CPU
		{BDE7C315-BB30-4BEF-89EE-BB8AB4216096}.Release|iPhone.ActiveCfg = Release|Any CPU
		{BDE7C315-BB30-4BEF-89EE-BB8AB4216096}.Release|iPhone.Build.0 = Release|Any CPU
		{BDE7C315-BB30-4BEF-89EE-BB8AB4216096}.Release|iPhoneSimulator.ActiveCfg = Release|Any CPU
		{BDE7C315-BB30-4BEF-89EE-BB8AB4216096}.Release|iPhoneSimulator.Build.0 = Release|Any CPU
		{A794F20B-469E-4C35-A044-EB4A08187193}.Debug|Any CPU.ActiveCfg = Debug|Any CPU
		{A794F20B-469E-4C35-A044-EB4A08187193}.Debug|Any CPU.Build.0 = Debug|Any CPU
		{A794F20B-469E-4C35-A044-EB4A08187193}.Debug|iPhone.ActiveCfg = Debug|Any CPU
		{A794F20B-469E-4C35-A044-EB4A08187193}.Debug|iPhone.Build.0 = Debug|Any CPU
		{A794F20B-469E-4C35-A044-EB4A08187193}.Debug|iPhoneSimulator.ActiveCfg = Debug|Any CPU
		{A794F20B-469E-4C35-A044-EB4A08187193}.Debug|iPhoneSimulator.Build.0 = Debug|Any CPU
		{A794F20B-469E-4C35-A044-EB4A08187193}.Release|Any CPU.ActiveCfg = Release|Any CPU
		{A794F20B-469E-4C35-A044-EB4A08187193}.Release|Any CPU.Build.0 = Release|Any CPU
		{A794F20B-469E-4C35-A044-EB4A08187193}.Release|iPhone.ActiveCfg = Release|Any CPU
		{A794F20B-469E-4C35-A044-EB4A08187193}.Release|iPhone.Build.0 = Release|Any CPU
		{A794F20B-469E-4C35-A044-EB4A08187193}.Release|iPhoneSimulator.ActiveCfg = Release|Any CPU
		{A794F20B-469E-4C35-A044-EB4A08187193}.Release|iPhoneSimulator.Build.0 = Release|Any CPU
		{725B6F36-660C-4046-B1CD-ED9B460570F8}.Debug|Any CPU.ActiveCfg = Debug|Any CPU
		{725B6F36-660C-4046-B1CD-ED9B460570F8}.Debug|Any CPU.Build.0 = Debug|Any CPU
		{725B6F36-660C-4046-B1CD-ED9B460570F8}.Debug|iPhone.ActiveCfg = Debug|Any CPU
		{725B6F36-660C-4046-B1CD-ED9B460570F8}.Debug|iPhone.Build.0 = Debug|Any CPU
		{725B6F36-660C-4046-B1CD-ED9B460570F8}.Debug|iPhoneSimulator.ActiveCfg = Debug|Any CPU
		{725B6F36-660C-4046-B1CD-ED9B460570F8}.Debug|iPhoneSimulator.Build.0 = Debug|Any CPU
		{725B6F36-660C-4046-B1CD-ED9B460570F8}.Release|Any CPU.ActiveCfg = Release|Any CPU
		{725B6F36-660C-4046-B1CD-ED9B460570F8}.Release|Any CPU.Build.0 = Release|Any CPU
		{725B6F36-660C-4046-B1CD-ED9B460570F8}.Release|iPhone.ActiveCfg = Release|Any CPU
		{725B6F36-660C-4046-B1CD-ED9B460570F8}.Release|iPhone.Build.0 = Release|Any CPU
		{725B6F36-660C-4046-B1CD-ED9B460570F8}.Release|iPhoneSimulator.ActiveCfg = Release|Any CPU
		{725B6F36-660C-4046-B1CD-ED9B460570F8}.Release|iPhoneSimulator.Build.0 = Release|Any CPU
		{92E13A95-37DB-4F9C-92A5-4F78E844DCFE}.Debug|Any CPU.ActiveCfg = Debug|Any CPU
		{92E13A95-37DB-4F9C-92A5-4F78E844DCFE}.Debug|Any CPU.Build.0 = Debug|Any CPU
		{92E13A95-37DB-4F9C-92A5-4F78E844DCFE}.Debug|iPhone.ActiveCfg = Debug|Any CPU
		{92E13A95-37DB-4F9C-92A5-4F78E844DCFE}.Debug|iPhone.Build.0 = Debug|Any CPU
		{92E13A95-37DB-4F9C-92A5-4F78E844DCFE}.Debug|iPhoneSimulator.ActiveCfg = Debug|Any CPU
		{92E13A95-37DB-4F9C-92A5-4F78E844DCFE}.Debug|iPhoneSimulator.Build.0 = Debug|Any CPU
		{92E13A95-37DB-4F9C-92A5-4F78E844DCFE}.Release|Any CPU.ActiveCfg = Release|Any CPU
		{92E13A95-37DB-4F9C-92A5-4F78E844DCFE}.Release|Any CPU.Build.0 = Release|Any CPU
		{92E13A95-37DB-4F9C-92A5-4F78E844DCFE}.Release|iPhone.ActiveCfg = Release|Any CPU
		{92E13A95-37DB-4F9C-92A5-4F78E844DCFE}.Release|iPhone.Build.0 = Release|Any CPU
		{92E13A95-37DB-4F9C-92A5-4F78E844DCFE}.Release|iPhoneSimulator.ActiveCfg = Release|Any CPU
		{92E13A95-37DB-4F9C-92A5-4F78E844DCFE}.Release|iPhoneSimulator.Build.0 = Release|Any CPU
	EndGlobalSection
	GlobalSection(SolutionProperties) = preSolution
		HideSolutionNode = FALSE
	EndGlobalSection
	GlobalSection(ExtensibilityGlobals) = postSolution
		SolutionGuid = {BD55CE2D-B72A-4426-9B69-57DD6F955E12}
	EndGlobalSection
EndGlobal
