
Microsoft Visual Studio Solution File, Format Version 12.00
# Visual Studio Version 16
VisualStudioVersion = 16.0.29102.190
MinimumVisualStudioVersion = 10.0.40219.1
Project("{00D1A9C2-B5F0-4AF3-8072-F6C62B433612}") = "AvazehDatabase", "AvazehDatabase\AvazehDatabase.sqlproj", "{66BAE8D9-51CC-4547-BDA6-02CEF3D86025}"
EndProject
Project("{9A19103F-16F7-4668-BE54-9A1E7A4F7556}") = "DataLibraryCore", "DataLibraryCore\DataLibraryCore.csproj", "{3D92B904-EB2B-4508-809C-1703710FA9C6}"
EndProject
Project("{2150E333-8FDC-42A3-9474-1A3956D46DE8}") = "Solution Items", "Solution Items", "{EEDC7B8D-6406-4A34-9C25-2F892823A282}"
	ProjectSection(SolutionItems) = preProject
		.editorconfig = .editorconfig
	EndProjectSection
EndProject
Project("{9A19103F-16F7-4668-BE54-9A1E7A4F7556}") = "UnitTests", "UnitTests\UnitTests.csproj", "{3182C247-949B-4BED-A548-9752012D1DBA}"
EndProject
Project("{9A19103F-16F7-4668-BE54-9A1E7A4F7556}") = "AvazehWeb", "AvazehWeb\AvazehWeb.csproj", "{4A1C2A89-B7A5-4670-B65B-13C06336AB5D}"
EndProject
Project("{9A19103F-16F7-4668-BE54-9A1E7A4F7556}") = "AvazehWpfApiClient", "AvazehWpfApiClient\AvazehWpfApiClient.csproj", "{649B5530-293B-45DF-A912-195002636C9E}"
EndProject
Project("{9A19103F-16F7-4668-BE54-9A1E7A4F7556}") = "AvazehApiClient", "AvazehApiClient\AvazehApiClient.csproj", "{F7194F71-9DA6-4694-ABFC-E422B6DB9576}"
EndProject
Project("{FAE04EC0-301F-11D3-BF4B-00C04F79EFBC}") = "AvazehWpf", "AvazehWpf\AvazehWpf.csproj", "{CD9C2419-FFD9-46DA-A774-050566F79D40}"
EndProject
Global
	GlobalSection(SolutionConfigurationPlatforms) = preSolution
		Debug|Any CPU = Debug|Any CPU
		Debug|iPhone = Debug|iPhone
		Debug|iPhoneSimulator = Debug|iPhoneSimulator
		Release|Any CPU = Release|Any CPU
		Release|iPhone = Release|iPhone
		Release|iPhoneSimulator = Release|iPhoneSimulator
	EndGlobalSection
	GlobalSection(ProjectConfigurationPlatforms) = postSolution
		{66BAE8D9-51CC-4547-BDA6-02CEF3D86025}.Debug|Any CPU.ActiveCfg = Debug|Any CPU
		{66BAE8D9-51CC-4547-BDA6-02CEF3D86025}.Debug|Any CPU.Deploy.0 = Debug|Any CPU
		{66BAE8D9-51CC-4547-BDA6-02CEF3D86025}.Debug|iPhone.ActiveCfg = Debug|Any CPU
		{66BAE8D9-51CC-4547-BDA6-02CEF3D86025}.Debug|iPhone.Build.0 = Debug|Any CPU
		{66BAE8D9-51CC-4547-BDA6-02CEF3D86025}.Debug|iPhone.Deploy.0 = Debug|Any CPU
		{66BAE8D9-51CC-4547-BDA6-02CEF3D86025}.Debug|iPhoneSimulator.ActiveCfg = Debug|Any CPU
		{66BAE8D9-51CC-4547-BDA6-02CEF3D86025}.Debug|iPhoneSimulator.Build.0 = Debug|Any CPU
		{66BAE8D9-51CC-4547-BDA6-02CEF3D86025}.Debug|iPhoneSimulator.Deploy.0 = Debug|Any CPU
		{66BAE8D9-51CC-4547-BDA6-02CEF3D86025}.Release|Any CPU.ActiveCfg = Release|Any CPU
		{66BAE8D9-51CC-4547-BDA6-02CEF3D86025}.Release|Any CPU.Build.0 = Release|Any CPU
		{66BAE8D9-51CC-4547-BDA6-02CEF3D86025}.Release|Any CPU.Deploy.0 = Release|Any CPU
		{66BAE8D9-51CC-4547-BDA6-02CEF3D86025}.Release|iPhone.ActiveCfg = Release|Any CPU
		{66BAE8D9-51CC-4547-BDA6-02CEF3D86025}.Release|iPhone.Build.0 = Release|Any CPU
		{66BAE8D9-51CC-4547-BDA6-02CEF3D86025}.Release|iPhone.Deploy.0 = Release|Any CPU
		{66BAE8D9-51CC-4547-BDA6-02CEF3D86025}.Release|iPhoneSimulator.ActiveCfg = Release|Any CPU
		{66BAE8D9-51CC-4547-BDA6-02CEF3D86025}.Release|iPhoneSimulator.Build.0 = Release|Any CPU
		{66BAE8D9-51CC-4547-BDA6-02CEF3D86025}.Release|iPhoneSimulator.Deploy.0 = Release|Any CPU
		{3D92B904-EB2B-4508-809C-1703710FA9C6}.Debug|Any CPU.ActiveCfg = Debug|Any CPU
		{3D92B904-EB2B-4508-809C-1703710FA9C6}.Debug|Any CPU.Build.0 = Debug|Any CPU
		{3D92B904-EB2B-4508-809C-1703710FA9C6}.Debug|iPhone.ActiveCfg = Debug|Any CPU
		{3D92B904-EB2B-4508-809C-1703710FA9C6}.Debug|iPhone.Build.0 = Debug|Any CPU
		{3D92B904-EB2B-4508-809C-1703710FA9C6}.Debug|iPhoneSimulator.ActiveCfg = Debug|Any CPU
		{3D92B904-EB2B-4508-809C-1703710FA9C6}.Debug|iPhoneSimulator.Build.0 = Debug|Any CPU
		{3D92B904-EB2B-4508-809C-1703710FA9C6}.Release|Any CPU.ActiveCfg = Release|Any CPU
		{3D92B904-EB2B-4508-809C-1703710FA9C6}.Release|Any CPU.Build.0 = Release|Any CPU
		{3D92B904-EB2B-4508-809C-1703710FA9C6}.Release|iPhone.ActiveCfg = Release|Any CPU
		{3D92B904-EB2B-4508-809C-1703710FA9C6}.Release|iPhone.Build.0 = Release|Any CPU
		{3D92B904-EB2B-4508-809C-1703710FA9C6}.Release|iPhoneSimulator.ActiveCfg = Release|Any CPU
		{3D92B904-EB2B-4508-809C-1703710FA9C6}.Release|iPhoneSimulator.Build.0 = Release|Any CPU
		{3182C247-949B-4BED-A548-9752012D1DBA}.Debug|Any CPU.ActiveCfg = Debug|Any CPU
		{3182C247-949B-4BED-A548-9752012D1DBA}.Debug|Any CPU.Build.0 = Debug|Any CPU
		{3182C247-949B-4BED-A548-9752012D1DBA}.Debug|iPhone.ActiveCfg = Debug|Any CPU
		{3182C247-949B-4BED-A548-9752012D1DBA}.Debug|iPhone.Build.0 = Debug|Any CPU
		{3182C247-949B-4BED-A548-9752012D1DBA}.Debug|iPhoneSimulator.ActiveCfg = Debug|Any CPU
		{3182C247-949B-4BED-A548-9752012D1DBA}.Debug|iPhoneSimulator.Build.0 = Debug|Any CPU
		{3182C247-949B-4BED-A548-9752012D1DBA}.Release|Any CPU.ActiveCfg = Release|Any CPU
		{3182C247-949B-4BED-A548-9752012D1DBA}.Release|Any CPU.Build.0 = Release|Any CPU
		{3182C247-949B-4BED-A548-9752012D1DBA}.Release|iPhone.ActiveCfg = Release|Any CPU
		{3182C247-949B-4BED-A548-9752012D1DBA}.Release|iPhone.Build.0 = Release|Any CPU
		{3182C247-949B-4BED-A548-9752012D1DBA}.Release|iPhoneSimulator.ActiveCfg = Release|Any CPU
		{3182C247-949B-4BED-A548-9752012D1DBA}.Release|iPhoneSimulator.Build.0 = Release|Any CPU
		{4A1C2A89-B7A5-4670-B65B-13C06336AB5D}.Debug|Any CPU.ActiveCfg = Debug|Any CPU
		{4A1C2A89-B7A5-4670-B65B-13C06336AB5D}.Debug|Any CPU.Build.0 = Debug|Any CPU
		{4A1C2A89-B7A5-4670-B65B-13C06336AB5D}.Debug|iPhone.ActiveCfg = Debug|Any CPU
		{4A1C2A89-B7A5-4670-B65B-13C06336AB5D}.Debug|iPhone.Build.0 = Debug|Any CPU
		{4A1C2A89-B7A5-4670-B65B-13C06336AB5D}.Debug|iPhoneSimulator.ActiveCfg = Debug|Any CPU
		{4A1C2A89-B7A5-4670-B65B-13C06336AB5D}.Debug|iPhoneSimulator.Build.0 = Debug|Any CPU
		{4A1C2A89-B7A5-4670-B65B-13C06336AB5D}.Release|Any CPU.ActiveCfg = Release|Any CPU
		{4A1C2A89-B7A5-4670-B65B-13C06336AB5D}.Release|Any CPU.Build.0 = Release|Any CPU
		{4A1C2A89-B7A5-4670-B65B-13C06336AB5D}.Release|iPhone.ActiveCfg = Release|Any CPU
		{4A1C2A89-B7A5-4670-B65B-13C06336AB5D}.Release|iPhone.Build.0 = Release|Any CPU
		{4A1C2A89-B7A5-4670-B65B-13C06336AB5D}.Release|iPhoneSimulator.ActiveCfg = Release|Any CPU
		{4A1C2A89-B7A5-4670-B65B-13C06336AB5D}.Release|iPhoneSimulator.Build.0 = Release|Any CPU
		{649B5530-293B-45DF-A912-195002636C9E}.Debug|Any CPU.ActiveCfg = Debug|Any CPU
		{649B5530-293B-45DF-A912-195002636C9E}.Debug|Any CPU.Build.0 = Debug|Any CPU
		{649B5530-293B-45DF-A912-195002636C9E}.Debug|iPhone.ActiveCfg = Debug|Any CPU
		{649B5530-293B-45DF-A912-195002636C9E}.Debug|iPhone.Build.0 = Debug|Any CPU
		{649B5530-293B-45DF-A912-195002636C9E}.Debug|iPhoneSimulator.ActiveCfg = Debug|Any CPU
		{649B5530-293B-45DF-A912-195002636C9E}.Debug|iPhoneSimulator.Build.0 = Debug|Any CPU
		{649B5530-293B-45DF-A912-195002636C9E}.Release|Any CPU.ActiveCfg = Release|Any CPU
		{649B5530-293B-45DF-A912-195002636C9E}.Release|Any CPU.Build.0 = Release|Any CPU
		{649B5530-293B-45DF-A912-195002636C9E}.Release|iPhone.ActiveCfg = Release|Any CPU
		{649B5530-293B-45DF-A912-195002636C9E}.Release|iPhone.Build.0 = Release|Any CPU
		{649B5530-293B-45DF-A912-195002636C9E}.Release|iPhoneSimulator.ActiveCfg = Release|Any CPU
		{649B5530-293B-45DF-A912-195002636C9E}.Release|iPhoneSimulator.Build.0 = Release|Any CPU
		{F7194F71-9DA6-4694-ABFC-E422B6DB9576}.Debug|Any CPU.ActiveCfg = Debug|Any CPU
		{F7194F71-9DA6-4694-ABFC-E422B6DB9576}.Debug|Any CPU.Build.0 = Debug|Any CPU
		{F7194F71-9DA6-4694-ABFC-E422B6DB9576}.Debug|iPhone.ActiveCfg = Debug|Any CPU
		{F7194F71-9DA6-4694-ABFC-E422B6DB9576}.Debug|iPhone.Build.0 = Debug|Any CPU
		{F7194F71-9DA6-4694-ABFC-E422B6DB9576}.Debug|iPhoneSimulator.ActiveCfg = Debug|Any CPU
		{F7194F71-9DA6-4694-ABFC-E422B6DB9576}.Debug|iPhoneSimulator.Build.0 = Debug|Any CPU
		{F7194F71-9DA6-4694-ABFC-E422B6DB9576}.Release|Any CPU.ActiveCfg = Release|Any CPU
		{F7194F71-9DA6-4694-ABFC-E422B6DB9576}.Release|Any CPU.Build.0 = Release|Any CPU
		{F7194F71-9DA6-4694-ABFC-E422B6DB9576}.Release|iPhone.ActiveCfg = Release|Any CPU
		{F7194F71-9DA6-4694-ABFC-E422B6DB9576}.Release|iPhone.Build.0 = Release|Any CPU
		{F7194F71-9DA6-4694-ABFC-E422B6DB9576}.Release|iPhoneSimulator.ActiveCfg = Release|Any CPU
		{F7194F71-9DA6-4694-ABFC-E422B6DB9576}.Release|iPhoneSimulator.Build.0 = Release|Any CPU
		{CD9C2419-FFD9-46DA-A774-050566F79D40}.Debug|Any CPU.ActiveCfg = Debug|Any CPU
		{CD9C2419-FFD9-46DA-A774-050566F79D40}.Debug|Any CPU.Build.0 = Debug|Any CPU
		{CD9C2419-FFD9-46DA-A774-050566F79D40}.Debug|iPhone.ActiveCfg = Debug|Any CPU
		{CD9C2419-FFD9-46DA-A774-050566F79D40}.Debug|iPhone.Build.0 = Debug|Any CPU
		{CD9C2419-FFD9-46DA-A774-050566F79D40}.Debug|iPhoneSimulator.ActiveCfg = Debug|Any CPU
		{CD9C2419-FFD9-46DA-A774-050566F79D40}.Debug|iPhoneSimulator.Build.0 = Debug|Any CPU
		{CD9C2419-FFD9-46DA-A774-050566F79D40}.Release|Any CPU.ActiveCfg = Release|Any CPU
		{CD9C2419-FFD9-46DA-A774-050566F79D40}.Release|Any CPU.Build.0 = Release|Any CPU
		{CD9C2419-FFD9-46DA-A774-050566F79D40}.Release|iPhone.ActiveCfg = Release|Any CPU
		{CD9C2419-FFD9-46DA-A774-050566F79D40}.Release|iPhone.Build.0 = Release|Any CPU
		{CD9C2419-FFD9-46DA-A774-050566F79D40}.Release|iPhoneSimulator.ActiveCfg = Release|Any CPU
		{CD9C2419-FFD9-46DA-A774-050566F79D40}.Release|iPhoneSimulator.Build.0 = Release|Any CPU
	EndGlobalSection
	GlobalSection(SolutionProperties) = preSolution
		HideSolutionNode = FALSE
	EndGlobalSection
	GlobalSection(ExtensibilityGlobals) = postSolution
		SolutionGuid = {BD55CE2D-B72A-4426-9B69-57DD6F955E12}
	EndGlobalSection
EndGlobal
